
Microsoft Visual Studio Solution File, Format Version 12.00
# Visual Studio Version 17
VisualStudioVersion = 17.7.34024.191
MinimumVisualStudioVersion = 10.0.40219.1
Project("{FAE04EC0-301F-11D3-BF4B-00C04F79EFBC}") = "LibraryCatalogSystem", "LibraryCatalogSystem\LibraryCatalogSystem.csproj", "{C9A48E04-BEF7-476F-8119-FE756E0F030F}"
EndProject
Global
	GlobalSection(SolutionConfigurationPlatforms) = preSolution
		Debug|Any CPU = Debug|Any CPU
		Release|Any CPU = Release|Any CPU
	EndGlobalSection
	GlobalSection(ProjectConfigurationPlatforms) = postSolution
		{C9A48E04-BEF7-476F-8119-FE756E0F030F}.Debug|Any CPU.ActiveCfg = Debug|Any CPU
		{C9A48E04-BEF7-476F-8119-FE756E0F030F}.Debug|Any CPU.Build.0 = Debug|Any CPU
		{C9A48E04-BEF7-476F-8119-FE756E0F030F}.Release|Any CPU.ActiveCfg = Release|Any CPU
		{C9A48E04-BEF7-476F-8119-FE756E0F030F}.Release|Any CPU.Build.0 = Release|Any CPU
	EndGlobalSection
	GlobalSection(SolutionProperties) = preSolution
		HideSolutionNode = FALSE
	EndGlobalSection
	GlobalSection(ExtensibilityGlobals) = postSolution
		SolutionGuid = {F4028E64-F4B0-480D-AD54-F5799C0AF4E3}
	EndGlobalSection
EndGlobal
